# THIS IS AN AUTOGENERATED FILE. DO NOT EDIT THIS FILE DIRECTLY.
# yarn lockfile v1


"@types/buffer-json@^2.0.0":
  version "2.0.0"
  resolved "https://registry.yarnpkg.com/@types/buffer-json/-/buffer-json-2.0.0.tgz#6ec0ee9ba7334a378a9c1d849bccc1b079a33554"
  integrity sha512-nFKOrY93Tvv5Tobws+YbkGlPOJsn1nVpZah3BlSyQ4EniFm97KLvSr54tZ5xQp8mlf/XxbYwskNCYQB9EdrPlQ==

"@types/lodash@4.14.157":
  version "4.14.157"
  resolved "https://registry.yarnpkg.com/@types/lodash/-/lodash-4.14.157.tgz#fdac1c52448861dfde1a2e1515dbc46e54926dc8"
  integrity sha512-Ft5BNFmv2pHDgxV5JDsndOWTRJ+56zte0ZpYLowp03tW+K+t8u8YMOzAnpuqPgzX6WO1XpDIUm7u04M8vdDiVQ==

"@types/node@^14.14.30":
  version "14.14.30"
  resolved "https://registry.yarnpkg.com/@types/node/-/node-14.14.30.tgz#7d5162eec085ba34f8cb9011e9ba12119f76f961"
  integrity sha512-gUWhy8s45fQp4PqqKecsnOkdW0kt1IaKjgOIR3HPokkzTmQj9ji2wWFID5THu1MKrtO+d4s2lVrlEhXUsPXSvg==

buffer-json@2.0.0:
  version "2.0.0"
  resolved "https://registry.yarnpkg.com/buffer-json/-/buffer-json-2.0.0.tgz#f73e13b1e42f196fe2fd67d001c7d7107edd7c23"
  integrity sha512-+jjPFVqyfF1esi9fvfUs3NqM0pH1ziZ36VP4hmA/y/Ssfo/5w5xHKfTw9BwQjoJ1w/oVtpLomqwUHKdefGyuHw==

lodash@4.17.15:
  version "4.17.15"
  resolved "https://registry.yarnpkg.com/lodash/-/lodash-4.17.15.tgz#b447f6670a0455bbfeedd11392eff330ea097548"
  integrity sha512-8xOcRHvCjnocdS5cpwXQXVzmmh5e5+saE2QGoeQmbKmRS6J3VQppPOIt0MnmE+4xlZoumy0GPG0D0MVIQbNA1A==

typescript@^4.1.5:
  version "4.1.5"
  resolved "https://registry.yarnpkg.com/typescript/-/typescript-4.1.5.tgz#123a3b214aaff3be32926f0d8f1f6e704eb89a72"
  integrity sha512-6OSu9PTIzmn9TCDiovULTnET6BgXtDYL4Gg4szY+cGsc3JP1dQL8qvE8kShTRx1NIw4Q9IBHlwODjkjWEtMUyA==
